
Microsoft Visual Studio Solution File, Format Version 12.00
# Visual Studio Version 17
VisualStudioVersion = 17.4.33403.182
MinimumVisualStudioVersion = 10.0.40219.1
Project("{FAE04EC0-301F-11D3-BF4B-00C04F79EFBC}") = "TestMusalaSoftDrones", "TestMusalaSoftDrones\TestMusalaSoftDrones.csproj", "{60F365F0-3958-457E-8162-FCACCA763E0B}"
EndProject
Project("{FAE04EC0-301F-11D3-BF4B-00C04F79EFBC}") = "MusalaSoftDrones.Api", "MusalaSoftDrones.Api\MusalaSoftDrones.Api.csproj", "{C73A016F-7EA4-40C5-9C8D-48ECEBA38F47}"
EndProject
Global
	GlobalSection(SolutionConfigurationPlatforms) = preSolution
		Debug|Any CPU = Debug|Any CPU
		Release|Any CPU = Release|Any CPU
	EndGlobalSection
	GlobalSection(ProjectConfigurationPlatforms) = postSolution
		{60F365F0-3958-457E-8162-FCACCA763E0B}.Debug|Any CPU.ActiveCfg = Debug|Any CPU
		{60F365F0-3958-457E-8162-FCACCA763E0B}.Debug|Any CPU.Build.0 = Debug|Any CPU
		{60F365F0-3958-457E-8162-FCACCA763E0B}.Release|Any CPU.ActiveCfg = Release|Any CPU
		{60F365F0-3958-457E-8162-FCACCA763E0B}.Release|Any CPU.Build.0 = Release|Any CPU
		{C73A016F-7EA4-40C5-9C8D-48ECEBA38F47}.Debug|Any CPU.ActiveCfg = Debug|Any CPU
		{C73A016F-7EA4-40C5-9C8D-48ECEBA38F47}.Debug|Any CPU.Build.0 = Debug|Any CPU
		{C73A016F-7EA4-40C5-9C8D-48ECEBA38F47}.Release|Any CPU.ActiveCfg = Release|Any CPU
		{C73A016F-7EA4-40C5-9C8D-48ECEBA38F47}.Release|Any CPU.Build.0 = Release|Any CPU
	EndGlobalSection
	GlobalSection(SolutionProperties) = preSolution
		HideSolutionNode = FALSE
	EndGlobalSection
	GlobalSection(ExtensibilityGlobals) = postSolution
		SolutionGuid = {F787D0C5-38D7-44DB-BD70-426DFD272CB1}
	EndGlobalSection
EndGlobal
